
Microsoft Visual Studio Solution File, Format Version 11.00
# Visual Studio 2010
Project("{FAE04EC0-301F-11D3-BF4B-00C04F79EFBC}") = "runProject", "Assembly-CSharp.csproj", "{5A370AA7-6376-B5BE-0F02-EF5DDF9960EA}"
EndProject
Project("{FAE04EC0-301F-11D3-BF4B-00C04F79EFBC}") = "runProject", "Assembly-CSharp-Editor.csproj", "{1AA55486-61A9-F937-0DEA-2E44AD05FD4C}"
EndProject
Global
	GlobalSection(SolutionConfigurationPlatforms) = preSolution
		Debug|Any CPU = Debug|Any CPU
		Release|Any CPU = Release|Any CPU
	EndGlobalSection
	GlobalSection(ProjectConfigurationPlatforms) = postSolution
		{5A370AA7-6376-B5BE-0F02-EF5DDF9960EA}.Debug|Any CPU.ActiveCfg = Debug|Any CPU
		{5A370AA7-6376-B5BE-0F02-EF5DDF9960EA}.Debug|Any CPU.Build.0 = Debug|Any CPU
		{5A370AA7-6376-B5BE-0F02-EF5DDF9960EA}.Release|Any CPU.ActiveCfg = Release|Any CPU
		{5A370AA7-6376-B5BE-0F02-EF5DDF9960EA}.Release|Any CPU.Build.0 = Release|Any CPU
		{1AA55486-61A9-F937-0DEA-2E44AD05FD4C}.Debug|Any CPU.ActiveCfg = Debug|Any CPU
		{1AA55486-61A9-F937-0DEA-2E44AD05FD4C}.Debug|Any CPU.Build.0 = Debug|Any CPU
		{1AA55486-61A9-F937-0DEA-2E44AD05FD4C}.Release|Any CPU.ActiveCfg = Release|Any CPU
		{1AA55486-61A9-F937-0DEA-2E44AD05FD4C}.Release|Any CPU.Build.0 = Release|Any CPU
	EndGlobalSection
	GlobalSection(SolutionProperties) = preSolution
		HideSolutionNode = FALSE
	EndGlobalSection
	GlobalSection(MonoDevelopProperties) = preSolution
		StartupItem = Assembly-CSharp.csproj
	EndGlobalSection
EndGlobal
